
Microsoft Visual Studio Solution File, Format Version 12.00
# Visual Studio Version 17
VisualStudioVersion = 17.5.002.0
MinimumVisualStudioVersion = 10.0.40219.1
Project("{9A19103F-16F7-4668-BE54-9A1E7A4F7556}") = "MqttWorker", "MqttWorker\MqttWorker.csproj", "{A88AAC57-4663-4E6F-8E16-B52744B64658}"
EndProject
Global
	GlobalSection(SolutionConfigurationPlatforms) = preSolution
		Debug|Any CPU = Debug|Any CPU
		Release|Any CPU = Release|Any CPU
	EndGlobalSection
	GlobalSection(ProjectConfigurationPlatforms) = postSolution
		{A88AAC57-4663-4E6F-8E16-B52744B64658}.Debug|Any CPU.ActiveCfg = Debug|Any CPU
		{A88AAC57-4663-4E6F-8E16-B52744B64658}.Debug|Any CPU.Build.0 = Debug|Any CPU
		{A88AAC57-4663-4E6F-8E16-B52744B64658}.Release|Any CPU.ActiveCfg = Release|Any CPU
		{A88AAC57-4663-4E6F-8E16-B52744B64658}.Release|Any CPU.Build.0 = Release|Any CPU
	EndGlobalSection
	GlobalSection(SolutionProperties) = preSolution
		HideSolutionNode = FALSE
	EndGlobalSection
	GlobalSection(ExtensibilityGlobals) = postSolution
		SolutionGuid = {479B032F-4078-4302-A826-9B7D258F3408}
	EndGlobalSection
EndGlobal
